
Microsoft Visual Studio Solution File, Format Version 12.00
# Visual Studio Version 16
VisualStudioVersion = 16.0.29613.14
MinimumVisualStudioVersion = 10.0.40219.1
Project("{9A19103F-16F7-4668-BE54-9A1E7A4F7556}") = "TennisOpenQuizAPI", "TennisOpenQuizAPI\TennisOpenQuizAPI.csproj", "{01495B7C-71F2-4F9D-B8EF-30E1A274BD12}"
EndProject
Project("{9A19103F-16F7-4668-BE54-9A1E7A4F7556}") = "TennisOpenQuizCashing", "TennisOpenQuizCashing\TennisOpenQuizCashing.csproj", "{F7510686-5444-4B7E-945C-C07E629F4B84}"
EndProject
Global
	GlobalSection(SolutionConfigurationPlatforms) = preSolution
		Debug|Any CPU = Debug|Any CPU
		Release|Any CPU = Release|Any CPU
	EndGlobalSection
	GlobalSection(ProjectConfigurationPlatforms) = postSolution
		{01495B7C-71F2-4F9D-B8EF-30E1A274BD12}.Debug|Any CPU.ActiveCfg = Debug|Any CPU
		{01495B7C-71F2-4F9D-B8EF-30E1A274BD12}.Debug|Any CPU.Build.0 = Debug|Any CPU
		{01495B7C-71F2-4F9D-B8EF-30E1A274BD12}.Release|Any CPU.ActiveCfg = Release|Any CPU
		{01495B7C-71F2-4F9D-B8EF-30E1A274BD12}.Release|Any CPU.Build.0 = Release|Any CPU
		{F7510686-5444-4B7E-945C-C07E629F4B84}.Debug|Any CPU.ActiveCfg = Debug|Any CPU
		{F7510686-5444-4B7E-945C-C07E629F4B84}.Debug|Any CPU.Build.0 = Debug|Any CPU
		{F7510686-5444-4B7E-945C-C07E629F4B84}.Release|Any CPU.ActiveCfg = Release|Any CPU
		{F7510686-5444-4B7E-945C-C07E629F4B84}.Release|Any CPU.Build.0 = Release|Any CPU
	EndGlobalSection
	GlobalSection(SolutionProperties) = preSolution
		HideSolutionNode = FALSE
	EndGlobalSection
	GlobalSection(ExtensibilityGlobals) = postSolution
		SolutionGuid = {ECF59334-68DC-4633-8E4B-39180FF9E007}
	EndGlobalSection
EndGlobal
